
Microsoft Visual Studio Solution File, Format Version 12.00
Project("{FAE04EC0-301F-11D3-BF4B-00C04F79EFBC}") = "UE3PackageTool", "UE3PackageTool\UE3PackageTool.csproj", "{1E574F0A-214D-48B5-A0F1-CE5F1DAF8663}"
EndProject
Global
	GlobalSection(SolutionConfigurationPlatforms) = preSolution
		Debug|Any CPU = Debug|Any CPU
		Release|Any CPU = Release|Any CPU
	EndGlobalSection
	GlobalSection(ProjectConfigurationPlatforms) = postSolution
		{1E574F0A-214D-48B5-A0F1-CE5F1DAF8663}.Debug|Any CPU.ActiveCfg = Debug|Any CPU
		{1E574F0A-214D-48B5-A0F1-CE5F1DAF8663}.Debug|Any CPU.Build.0 = Debug|Any CPU
		{1E574F0A-214D-48B5-A0F1-CE5F1DAF8663}.Release|Any CPU.ActiveCfg = Release|Any CPU
		{1E574F0A-214D-48B5-A0F1-CE5F1DAF8663}.Release|Any CPU.Build.0 = Release|Any CPU
	EndGlobalSection
EndGlobal
